
Microsoft Visual Studio Solution File, Format Version 12.00
# Visual Studio Version 16
VisualStudioVersion = 16.0.31424.327
MinimumVisualStudioVersion = 10.0.40219.1
Project("{FAE04EC0-301F-11D3-BF4B-00C04F79EFBC}") = "RoundedControl", "RoundedControl\RoundedControl.csproj", "{A7B4F4FA-FC99-4AAB-AA14-65521BD5318B}"
EndProject
Project("{FAE04EC0-301F-11D3-BF4B-00C04F79EFBC}") = "RoundedControlExample", "RoundedControlExample\RoundedControlExample.csproj", "{ED51A6B4-DEDF-4436-B33B-348DFE0C4749}"
EndProject
Global
	GlobalSection(SolutionConfigurationPlatforms) = preSolution
		Debug|Any CPU = Debug|Any CPU
		Release|Any CPU = Release|Any CPU
	EndGlobalSection
	GlobalSection(ProjectConfigurationPlatforms) = postSolution
		{A7B4F4FA-FC99-4AAB-AA14-65521BD5318B}.Debug|Any CPU.ActiveCfg = Debug|Any CPU
		{A7B4F4FA-FC99-4AAB-AA14-65521BD5318B}.Debug|Any CPU.Build.0 = Debug|Any CPU
		{A7B4F4FA-FC99-4AAB-AA14-65521BD5318B}.Release|Any CPU.ActiveCfg = Release|Any CPU
		{A7B4F4FA-FC99-4AAB-AA14-65521BD5318B}.Release|Any CPU.Build.0 = Release|Any CPU
		{ED51A6B4-DEDF-4436-B33B-348DFE0C4749}.Debug|Any CPU.ActiveCfg = Debug|Any CPU
		{ED51A6B4-DEDF-4436-B33B-348DFE0C4749}.Debug|Any CPU.Build.0 = Debug|Any CPU
		{ED51A6B4-DEDF-4436-B33B-348DFE0C4749}.Release|Any CPU.ActiveCfg = Release|Any CPU
		{ED51A6B4-DEDF-4436-B33B-348DFE0C4749}.Release|Any CPU.Build.0 = Release|Any CPU
	EndGlobalSection
	GlobalSection(SolutionProperties) = preSolution
		HideSolutionNode = FALSE
	EndGlobalSection
	GlobalSection(ExtensibilityGlobals) = postSolution
		SolutionGuid = {BBF09C2E-F496-47BC-82D8-F689C8B40CD6}
	EndGlobalSection
EndGlobal
